
Microsoft Visual Studio Solution File, Format Version 12.00
# Visual Studio Version 16
VisualStudioVersion = 16.0.31112.23
MinimumVisualStudioVersion = 10.0.40219.1
Project("{FAE04EC0-301F-11D3-BF4B-00C04F79EFBC}") = "SimplesAim", "SimplesAim\SimplesAim.csproj", "{025E64A9-4CAD-424F-BFF3-F90BC9812B37}"
EndProject
Global
	GlobalSection(SolutionConfigurationPlatforms) = preSolution
		Debug|Any CPU = Debug|Any CPU
		Release|Any CPU = Release|Any CPU
	EndGlobalSection
	GlobalSection(ProjectConfigurationPlatforms) = postSolution
		{025E64A9-4CAD-424F-BFF3-F90BC9812B37}.Debug|Any CPU.ActiveCfg = Debug|Any CPU
		{025E64A9-4CAD-424F-BFF3-F90BC9812B37}.Debug|Any CPU.Build.0 = Debug|Any CPU
		{025E64A9-4CAD-424F-BFF3-F90BC9812B37}.Release|Any CPU.ActiveCfg = Release|Any CPU
		{025E64A9-4CAD-424F-BFF3-F90BC9812B37}.Release|Any CPU.Build.0 = Release|Any CPU
	EndGlobalSection
	GlobalSection(SolutionProperties) = preSolution
		HideSolutionNode = FALSE
	EndGlobalSection
	GlobalSection(ExtensibilityGlobals) = postSolution
		SolutionGuid = {D78FFA38-5D46-43B8-BA55-8ABE59CC733E}
	EndGlobalSection
EndGlobal
